
Microsoft Visual Studio Solution File, Format Version 12.00
# Visual Studio Version 17
VisualStudioVersion = 17.11.35303.130
MinimumVisualStudioVersion = 10.0.40219.1
Project("{9A19103F-16F7-4668-BE54-9A1E7A4F7556}") = "DEMO", "DEMO\DEMO.csproj", "{92D49952-0D20-4E96-95A0-3E59F74C83F7}"
EndProject
Project("{9A19103F-16F7-4668-BE54-9A1E7A4F7556}") = "Test_ContactManager", "Test_ContactManager\Test_ContactManager.csproj", "{1035EC13-CF73-4FD1-9A73-1C01A7B0DBE9}"
EndProject
Project("{FAE04EC0-301F-11D3-BF4B-00C04F79EFBC}") = "ContactManagerClassLibrary", "ContactManagerClassLibrary\ContactManagerClassLibrary.csproj", "{A1787765-4AD4-4CDC-A10B-46ADF4FD9AC4}"
EndProject
Global
	GlobalSection(SolutionConfigurationPlatforms) = preSolution
		Debug|Any CPU = Debug|Any CPU
		Release|Any CPU = Release|Any CPU
	EndGlobalSection
	GlobalSection(ProjectConfigurationPlatforms) = postSolution
		{92D49952-0D20-4E96-95A0-3E59F74C83F7}.Debug|Any CPU.ActiveCfg = Debug|Any CPU
		{92D49952-0D20-4E96-95A0-3E59F74C83F7}.Debug|Any CPU.Build.0 = Debug|Any CPU
		{92D49952-0D20-4E96-95A0-3E59F74C83F7}.Release|Any CPU.ActiveCfg = Release|Any CPU
		{92D49952-0D20-4E96-95A0-3E59F74C83F7}.Release|Any CPU.Build.0 = Release|Any CPU
		{1035EC13-CF73-4FD1-9A73-1C01A7B0DBE9}.Debug|Any CPU.ActiveCfg = Debug|Any CPU
		{1035EC13-CF73-4FD1-9A73-1C01A7B0DBE9}.Debug|Any CPU.Build.0 = Debug|Any CPU
		{1035EC13-CF73-4FD1-9A73-1C01A7B0DBE9}.Release|Any CPU.ActiveCfg = Release|Any CPU
		{1035EC13-CF73-4FD1-9A73-1C01A7B0DBE9}.Release|Any CPU.Build.0 = Release|Any CPU
		{A1787765-4AD4-4CDC-A10B-46ADF4FD9AC4}.Debug|Any CPU.ActiveCfg = Debug|Any CPU
		{A1787765-4AD4-4CDC-A10B-46ADF4FD9AC4}.Debug|Any CPU.Build.0 = Debug|Any CPU
		{A1787765-4AD4-4CDC-A10B-46ADF4FD9AC4}.Release|Any CPU.ActiveCfg = Release|Any CPU
		{A1787765-4AD4-4CDC-A10B-46ADF4FD9AC4}.Release|Any CPU.Build.0 = Release|Any CPU
	EndGlobalSection
	GlobalSection(SolutionProperties) = preSolution
		HideSolutionNode = FALSE
	EndGlobalSection
	GlobalSection(ExtensibilityGlobals) = postSolution
		SolutionGuid = {8BD1CD2F-5B05-4F6D-A54A-035D455AC35D}
	EndGlobalSection
EndGlobal
